
Microsoft Visual Studio Solution File, Format Version 12.00
# Visual Studio Version 16
VisualStudioVersion = 16.0.34902.97
MinimumVisualStudioVersion = 10.0.40219.1
Project("{FAE04EC0-301F-11D3-BF4B-00C04F79EFBC}") = "FileUploadTest", "FileUploadTest\FileUploadTest.csproj", "{58723BE0-05EA-4F24-B697-611EE961F47F}"
EndProject
Global
	GlobalSection(SolutionConfigurationPlatforms) = preSolution
		Debug|Any CPU = Debug|Any CPU
		Release|Any CPU = Release|Any CPU
	EndGlobalSection
	GlobalSection(ProjectConfigurationPlatforms) = postSolution
		{58723BE0-05EA-4F24-B697-611EE961F47F}.Debug|Any CPU.ActiveCfg = Debug|Any CPU
		{58723BE0-05EA-4F24-B697-611EE961F47F}.Debug|Any CPU.Build.0 = Debug|Any CPU
		{58723BE0-05EA-4F24-B697-611EE961F47F}.Release|Any CPU.ActiveCfg = Release|Any CPU
		{58723BE0-05EA-4F24-B697-611EE961F47F}.Release|Any CPU.Build.0 = Release|Any CPU
	EndGlobalSection
	GlobalSection(SolutionProperties) = preSolution
		HideSolutionNode = FALSE
	EndGlobalSection
	GlobalSection(ExtensibilityGlobals) = postSolution
		SolutionGuid = {80BD92DA-E227-4F79-9C25-CA2319A70484}
	EndGlobalSection
EndGlobal
